
Microsoft Visual Studio Solution File, Format Version 12.00
Project("{FAE04EC0-301F-11D3-BF4B-00C04F79EFBC}") = "ModAS.Server", "ModAS.Server\ModAS.Server.csproj", "{30636ECF-A0BA-447B-B772-2B6D1D188EB8}"
EndProject
Project("{2150E333-8FDC-42A3-9474-1A3956D46DE8}") = "LibMatrix", "LibMatrix", "{45E81953-A24E-40B8-AD1E-CD2C51020BE8}"
EndProject
Project("{FAE04EC0-301F-11D3-BF4B-00C04F79EFBC}") = "LibMatrix", "LibMatrix\LibMatrix\LibMatrix.csproj", "{5C0EFE64-FCFF-474E-B55E-4DC30E8921D5}"
EndProject
Project("{FAE04EC0-301F-11D3-BF4B-00C04F79EFBC}") = "LibMatrix.EventTypes", "LibMatrix\LibMatrix.EventTypes\LibMatrix.EventTypes.csproj", "{D9679A92-2DA4-47FB-BC4C-D6D65ECA1335}"
EndProject
Project("{FAE04EC0-301F-11D3-BF4B-00C04F79EFBC}") = "ModAS.Classes", "ModAS.Classes\ModAS.Classes.csproj", "{70CA5BEC-8902-4CDC-A684-50D93B354643}"
EndProject
Global
	GlobalSection(SolutionConfigurationPlatforms) = preSolution
		Debug|Any CPU = Debug|Any CPU
		Release|Any CPU = Release|Any CPU
	EndGlobalSection
	GlobalSection(ProjectConfigurationPlatforms) = postSolution
		{30636ECF-A0BA-447B-B772-2B6D1D188EB8}.Debug|Any CPU.ActiveCfg = Debug|Any CPU
		{30636ECF-A0BA-447B-B772-2B6D1D188EB8}.Debug|Any CPU.Build.0 = Debug|Any CPU
		{30636ECF-A0BA-447B-B772-2B6D1D188EB8}.Release|Any CPU.ActiveCfg = Release|Any CPU
		{30636ECF-A0BA-447B-B772-2B6D1D188EB8}.Release|Any CPU.Build.0 = Release|Any CPU
		{5C0EFE64-FCFF-474E-B55E-4DC30E8921D5}.Debug|Any CPU.ActiveCfg = Debug|Any CPU
		{5C0EFE64-FCFF-474E-B55E-4DC30E8921D5}.Debug|Any CPU.Build.0 = Debug|Any CPU
		{5C0EFE64-FCFF-474E-B55E-4DC30E8921D5}.Release|Any CPU.ActiveCfg = Release|Any CPU
		{5C0EFE64-FCFF-474E-B55E-4DC30E8921D5}.Release|Any CPU.Build.0 = Release|Any CPU
		{D9679A92-2DA4-47FB-BC4C-D6D65ECA1335}.Debug|Any CPU.ActiveCfg = Debug|Any CPU
		{D9679A92-2DA4-47FB-BC4C-D6D65ECA1335}.Debug|Any CPU.Build.0 = Debug|Any CPU
		{D9679A92-2DA4-47FB-BC4C-D6D65ECA1335}.Release|Any CPU.ActiveCfg = Release|Any CPU
		{D9679A92-2DA4-47FB-BC4C-D6D65ECA1335}.Release|Any CPU.Build.0 = Release|Any CPU
		{70CA5BEC-8902-4CDC-A684-50D93B354643}.Debug|Any CPU.ActiveCfg = Debug|Any CPU
		{70CA5BEC-8902-4CDC-A684-50D93B354643}.Debug|Any CPU.Build.0 = Debug|Any CPU
		{70CA5BEC-8902-4CDC-A684-50D93B354643}.Release|Any CPU.ActiveCfg = Release|Any CPU
		{70CA5BEC-8902-4CDC-A684-50D93B354643}.Release|Any CPU.Build.0 = Release|Any CPU
	EndGlobalSection
	GlobalSection(NestedProjects) = preSolution
		{5C0EFE64-FCFF-474E-B55E-4DC30E8921D5} = {45E81953-A24E-40B8-AD1E-CD2C51020BE8}
		{D9679A92-2DA4-47FB-BC4C-D6D65ECA1335} = {45E81953-A24E-40B8-AD1E-CD2C51020BE8}
	EndGlobalSection
EndGlobal
